// !$*UTF8*$!
{
	archiveVersion = 1;
	classes = {
	};
	objectVersion = 46;
	objects = {

/* Begin PBXBuildFile section */
		BC8A5FF11DB1149D0091A293 /* AppDelegate.swift in Sources */ = {isa = PBXBuildFile; fileRef = BC8A5FF01DB1149D0091A293 /* AppDelegate.swift */; };
		BC8A5FF31DB1149D0091A293 /* ViewController.swift in Sources */ = {isa = PBXBuildFile; fileRef = BC8A5FF21DB1149D0091A293 /* ViewController.swift */; };
		BC8A5FF61DB1149E0091A293 /* Main.storyboard in Resources */ = {isa = PBXBuildFile; fileRef = BC8A5FF41DB1149E0091A293 /* Main.storyboard */; };
		BC8A5FF91DB1149E0091A293 /* douyuDemo.xcdatamodeld in Sources */ = {isa = PBXBuildFile; fileRef = BC8A5FF71DB1149E0091A293 /* douyuDemo.xcdatamodeld */; };
		BC8A5FFB1DB1149E0091A293 /* Assets.xcassets in Resources */ = {isa = PBXBuildFile; fileRef = BC8A5FFA1DB1149E0091A293 /* Assets.xcassets */; };
		BC8A5FFE1DB1149E0091A293 /* LaunchScreen.storyboard in Resources */ = {isa = PBXBuildFile; fileRef = BC8A5FFC1DB1149E0091A293 /* LaunchScreen.storyboard */; };
/* End PBXBuildFile section */

/* Begin PBXFileReference section */
		BC8A5FED1DB1149D0091A293 /* douyuDemo.app */ = {isa = PBXFileReference; explicitFileType = wrapper.application; includeInIndex = 0; path = douyuDemo.app; sourceTree = BUILT_PRODUCTS_DIR; };
		BC8A5FF01DB1149D0091A293 /* AppDelegate.swift */ = {isa = PBXFileReference; lastKnownFileType = sourcecode.swift; path = AppDelegate.swift; sourceTree = "<group>"; };
		BC8A5FF21DB1149D0091A293 /* ViewController.swift */ = {isa = PBXFileReference; lastKnownFileType = sourcecode.swift; path = ViewController.swift; sourceTree = "<group>"; };
		BC8A5FF51DB1149E0091A293 /* Base */ = {isa = PBXFileReference; lastKnownFileType = file.storyboard; name = Base; path = Base.lproj/Main.storyboard; sourceTree = "<group>"; };
		BC8A5FF81DB1149E0091A293 /* douyuDemo.xcdatamodel */ = {isa = PBXFileReference; lastKnownFileType = wrapper.xcdatamodel; path = douyuDemo.xcdatamodel; sourceTree = "<group>"; };
		BC8A5FFA1DB1149E0091A293 /* Assets.xcassets */ = {isa = PBXFileReference; lastKnownFileType = folder.assetcatalog; path = Assets.xcassets; sourceTree = "<group>"; };
		BC8A5FFD1DB1149E0091A293 /* Base */ = {isa = PBXFileReference; lastKnownFileType = file.storyboard; name = Base; path = Base.lproj/LaunchScreen.storyboard; sourceTree = "<group>"; };
		BC8A5FFF1DB1149E0091A293 /* Info.plist */ = {isa = PBXFileReference; lastKnownFileType = text.plist.xml; path = Info.plist; sourceTree = "<group>"; };
/* End PBXFileReference section */

/* Begin PBXFrameworksBuildPhase section */
		BC8A5FEA1DB1149D0091A293 /* Frameworks */ = {
			isa = PBXFrameworksBuildPhase;
			buildActionMask = 2147483647;
			files = (
			);
			runOnlyForDeploymentPostprocessing = 0;
		};
/* End PBXFrameworksBuildPhase section */

/* Begin PBXGroup section */
		BC8A5FE41DB1149D0091A293 = {
			isa = PBXGroup;
			children = (
				BC8A5FEF1DB1149D0091A293 /* douyuDemo */,
				BC8A5FEE1DB1149D0091A293 /* Products */,
			);
			sourceTree = "<group>";
		};
		BC8A5FEE1DB1149D0091A293 /* Products */ = {
			isa = PBXGroup;
			children = (
				BC8A5FED1DB1149D0091A293 /* douyuDemo.app */,
			);
			name = Products;
			sourceTree = "<group>";
		};
		BC8A5FEF1DB1149D0091A293 /* douyuDemo */ = {
			isa = PBXGroup;
			children = (
				BC8A5FF01DB1149D0091A293 /* AppDelegate.swift */,
				BC8A5FF21DB1149D0091A293 /* ViewController.swift */,
				BC8A5FF41DB1149E0091A293 /* Main.storyboard */,
				BC8A5FFA1DB1149E0091A293 /* Assets.xcassets */,
				BC8A5FFC1DB1149E0091A293 /* LaunchScreen.storyboard */,
				BC8A5FFF1DB1149E0091A293 /* Info.plist */,
				BC8A5FF71DB1149E0091A293 /* douyuDemo.xcdatamodeld */,
			);
			path = douyuDemo;
			sourceTree = "<group>";
		};
/* End PBXGroup section */

/* Begin PBXNativeTarget section */
		BC8A5FEC1DB1149D0091A293 /* douyuDemo */ = {
			isa = PBXNativeTarget;
			buildConfigurationList = BC8A60021DB1149E0091A293 /* Build configuration list for PBXNativeTarget "douyuDemo" */;
			buildPhases = (
				BC8A5FE91DB1149D0091A293 /* Sources */,
				BC8A5FEA1DB1149D0091A293 /* Frameworks */,
				BC8A5FEB1DB1149D0091A293 /* Resources */,
			);
			buildRules = (
			);
			dependencies = (
			);
			name = douyuDemo;
			productName = douyuDemo;
			productReference = BC8A5FED1DB1149D0091A293 /* douyuDemo.app */;
			productType = "com.apple.product-type.application";
		};
/* End PBXNativeTarget section */

/* Begin PBXProject section */
		BC8A5FE51DB1149D0091A293 /* Project object */ = {
			isa = PBXProject;
			attributes = {
				LastSwiftUpdateCheck = 0730;
				LastUpgradeCheck = 0730;
				ORGANIZATIONNAME = k;
				TargetAttributes = {
					BC8A5FEC1DB1149D0091A293 = {
						CreatedOnToolsVersion = 7.3.1;
						DevelopmentTeam = Y5L4S7U78S;
					};
				};
			};
			buildConfigurationList = BC8A5FE81DB1149D0091A293 /* Build configuration list for PBXProject "douyuDemo" */;
			compatibilityVersion = "Xcode 3.2";
			developmentRegion = English;
			hasScannedForEncodings = 0;
			knownRegions = (
				en,
				Base,
			);
			mainGroup = BC8A5FE41DB1149D0091A293;
			productRefGroup = BC8A5FEE1DB1149D0091A293 /* Products */;
			projectDirPath = "";
			projectRoot = "";
			targets = (
				BC8A5FEC1DB1149D0091A293 /* douyuDemo */,
			);
		};
/* End PBXProject section */

/* Begin PBXResourcesBuildPhase section */
		BC8A5FEB1DB1149D0091A293 /* Resources */ = {
			isa = PBXResourcesBuildPhase;
			buildActionMask = 2147483647;
			files = (
				BC8A5FFE1DB1149E0091A293 /* LaunchScreen.storyboard in Resources */,
				BC8A5FFB1DB1149E0091A293 /* Assets.xcassets in Resources */,
				BC8A5FF61DB1149E0091A293 /* Main.storyboard in Resources */,
			);
			runOnlyForDeploymentPostprocessing = 0;
		};
/* End PBXResourcesBuildPhase section */

/* Begin PBXSourcesBuildPhase section */
		BC8A5FE91DB1149D0091A293 /* Sources */ = {
			isa = PBXSourcesBuildPhase;
			buildActionMask = 2147483647;
			files = (
				BC8A5FF91DB1149E0091A293 /* douyuDemo.xcdatamodeld in Sources */,
				BC8A5FF31DB1149D0091A293 /* ViewController.swift in Sources */,
				BC8A5FF11DB1149D0091A293 /* AppDelegate.swift in Sources */,
			);
			runOnlyForDeploymentPostprocessing = 0;
		};
/* End PBXSourcesBuildPhase section */

/* Begin PBXVariantGroup section */
		BC8A5FF41DB1149E0091A293 /* Main.storyboard */ = {
			isa = PBXVariantGroup;
			children = (
				BC8A5FF51DB1149E0091A293 /* Base */,
			);
			name = Main.storyboard;
			sourceTree = "<group>";
		};
		BC8A5FFC1DB1149E0091A293 /* LaunchScreen.storyboard */ = {
			isa = PBXVariantGroup;
			children = (
				BC8A5FFD1DB1149E0091A293 /* Base */,
			);
			name = LaunchScreen.storyboard;
			sourceTree = "<group>";
		};
/* End PBXVariantGroup section */

/* Begin XCBuildConfiguration section */
		BC8A60001DB1149E0091A293 /* Debug */ = {
			isa = XCBuildConfiguration;
			buildSettings = {
				ALWAYS_SEARCH_USER_PATHS = NO;
				CLANG_ANALYZER_NONNULL = YES;
				CLANG_CXX_LANGUAGE_STANDARD = "gnu++0x";
				CLANG_CXX_LIBRARY = "libc++";
				CLANG_ENABLE_MODULES = YES;
				CLANG_ENABLE_OBJC_ARC = YES;
				CLANG_WARN_BOOL_CONVERSION = YES;
				CLANG_WARN_CONSTANT_CONVERSION = YES;
				CLANG_WARN_DIRECT_OBJC_ISA_USAGE = YES_ERROR;
				CLANG_WARN_EMPTY_BODY = YES;
				CLANG_WARN_ENUM_CONVERSION = YES;
				CLANG_WARN_INT_CONVERSION = YES;
				CLANG_WARN_OBJC_ROOT_CLASS = YES_ERROR;
				CLANG_WARN_UNREACHABLE_CODE = YES;
				CLANG_WARN__DUPLICATE_METHOD_MATCH = YES;
				"CODE_SIGN_IDENTITY[sdk=iphoneos*]" = "iPhone Developer";
				COPY_PHASE_STRIP = NO;
				DEBUG_INFORMATION_FORMAT = dwarf;
				ENABLE_STRICT_OBJC_MSGSEND = YES;
				ENABLE_TESTABILITY = YES;
				GCC_C_LANGUAGE_STANDARD = gnu99;
				GCC_DYNAMIC_NO_PIC = NO;
				GCC_NO_COMMON_BLOCKS = YES;
				GCC_OPTIMIZATION_LEVEL = 0;
				GCC_PREPROCESSOR_DEFINITIONS = (
					"DEBUG=1",
					"$(inherited)",
				);
				GCC_WARN_64_TO_32_BIT_CONVERSION = YES;
				GCC_WARN_ABOUT_RETURN_TYPE = YES_ERROR;
				GCC_WARN_UNDECLARED_SELECTOR = YES;
				GCC_WARN_UNINITIALIZED_AUTOS = YES_AGGRESSIVE;
				GCC_WARN_UNUSED_FUNCTION = YES;
				GCC_WARN_UNUSED_VARIABLE = YES;
				IPHONEOS_DEPLOYMENT_TARGET = 9.3;
				MTL_ENABLE_DEBUG_INFO = YES;
				ONLY_ACTIVE_ARCH = YES;
				SDKROOT = iphoneos;
				SWIFT_OPTIMIZATION_LEVEL = "-Onone";
			};
			name = Debug;
		};
		BC8A60011DB1149E0091A293 /* Release */ = {
			isa = XCBuildConfiguration;
			buildSettings = {
				ALWAYS_SEARCH_USER_PATHS = NO;
				CLANG_ANALYZER_NONNULL = YES;
				CLANG_CXX_LANGUAGE_STANDARD = "gnu++0x";
				CLANG_CXX_LIBRARY = "libc++";
				CLANG_ENABLE_MODULES = YES;
				CLANG_ENABLE_OBJC_ARC = YES;
				CLANG_WARN_BOOL_CONVERSION = YES;
				CLANG_WARN_CONSTANT_CONVERSION = YES;
				CLANG_WARN_DIRECT_OBJC_ISA_USAGE = YES_ERROR;
				CLANG_WARN_EMPTY_BODY = YES;
				CLANG_WARN_ENUM_CONVERSION = YES;
				CLANG_WARN_INT_CONVERSION = YES;
				CLANG_WARN_OBJC_ROOT_CLASS = YES_ERROR;
				CLANG_WARN_UNREACHABLE_CODE = YES;
				CLANG_WARN__DUPLICATE_METHOD_MATCH = YES;
				"CODE_SIGN_IDENTITY[sdk=iphoneos*]" = "iPhone Developer";
				COPY_PHASE_STRIP = NO;
				DEBUG_INFORMATION_FORMAT = "dwarf-with-dsym";
				ENABLE_NS_ASSERTIONS = NO;
				ENABLE_STRICT_OBJC_MSGSEND = YES;
				GCC_C_LANGUAGE_STANDARD = gnu99;
				GCC_NO_COMMON_BLOCKS = YES;
				GCC_WARN_64_TO_32_BIT_CONVERSION = YES;
				GCC_WARN_ABOUT_RETURN_TYPE = YES_ERROR;
				GCC_WARN_UNDECLARED_SELECTOR = YES;
				GCC_WARN_UNINITIALIZED_AUTOS = YES_AGGRESSIVE;
				GCC_WARN_UNUSED_FUNCTION = YES;
				GCC_WARN_UNUSED_VARIABLE = YES;
				IPHONEOS_DEPLOYMENT_TARGET = 9.3;
				MTL_ENABLE_DEBUG_INFO = NO;
				SDKROOT = iphoneos;
				VALIDATE_PRODUCT = YES;
			};
			name = Release;
		};
		BC8A60031DB1149E0091A293 /* Debug */ = {
			isa = XCBuildConfiguration;
			buildSettings = {
				ASSETCATALOG_COMPILER_APPICON_NAME = AppIcon;
				INFOPLIST_FILE = douyuDemo/Info.plist;
				LD_RUNPATH_SEARCH_PATHS = "$(inherited) @executable_path/Frameworks";
				PRODUCT_BUNDLE_IDENTIFIER = com.kyle.douyuDemo;
				PRODUCT_NAME = "$(TARGET_NAME)";
			};
			name = Debug;
		};
		BC8A60041DB1149E0091A293 /* Release */ = {
			isa = XCBuildConfiguration;
			buildSettings = {
				ASSETCATALOG_COMPILER_APPICON_NAME = AppIcon;
				INFOPLIST_FILE = douyuDemo/Info.plist;
				LD_RUNPATH_SEARCH_PATHS = "$(inherited) @executable_path/Frameworks";
				PRODUCT_BUNDLE_IDENTIFIER = com.kyle.douyuDemo;
				PRODUCT_NAME = "$(TARGET_NAME)";
			};
			name = Release;
		};
/* End XCBuildConfiguration section */

/* Begin XCConfigurationList section */
		BC8A5FE81DB1149D0091A293 /* Build configuration list for PBXProject "douyuDemo" */ = {
			isa = XCConfigurationList;
			buildConfigurations = (
				BC8A60001DB1149E0091A293 /* Debug */,
				BC8A60011DB1149E0091A293 /* Release */,
			);
			defaultConfigurationIsVisible = 0;
			defaultConfigurationName = Release;
		};
		BC8A60021DB1149E0091A293 /* Build configuration list for PBXNativeTarget "douyuDemo" */ = {
			isa = XCConfigurationList;
			buildConfigurations = (
				BC8A60031DB1149E0091A293 /* Debug */,
				BC8A60041DB1149E0091A293 /* Release */,
			);
			defaultConfigurationIsVisible = 0;
		};
/* End XCConfigurationList section */

/* Begin XCVersionGroup section */
		BC8A5FF71DB1149E0091A293 /* douyuDemo.xcdatamodeld */ = {
			isa = XCVersionGroup;
			children = (
				BC8A5FF81DB1149E0091A293 /* douyuDemo.xcdatamodel */,
			);
			currentVersion = BC8A5FF81DB1149E0091A293 /* douyuDemo.xcdatamodel */;
			path = douyuDemo.xcdatamodeld;
			sourceTree = "<group>";
			versionGroupType = wrapper.xcdatamodel;
		};
/* End XCVersionGroup section */
	};
	rootObject = BC8A5FE51DB1149D0091A293 /* Project object */;
}
